
Microsoft Visual Studio Solution File, Format Version 12.00
# Visual Studio Version 17
VisualStudioVersion = 17.8.34330.188
MinimumVisualStudioVersion = 10.0.40219.1
Project("{888888A0-9F3D-457C-B088-3A5042F75D52}") = "CIS261 Course Porject", "CIS261 Course Porject.pyproj", "{B50C782E-5755-4D64-994C-FB6A4907C791}"
EndProject
Global
	GlobalSection(SolutionConfigurationPlatforms) = preSolution
		Debug|Any CPU = Debug|Any CPU
		Release|Any CPU = Release|Any CPU
	EndGlobalSection
	GlobalSection(ProjectConfigurationPlatforms) = postSolution
		{B50C782E-5755-4D64-994C-FB6A4907C791}.Debug|Any CPU.ActiveCfg = Debug|Any CPU
		{B50C782E-5755-4D64-994C-FB6A4907C791}.Release|Any CPU.ActiveCfg = Release|Any CPU
	EndGlobalSection
	GlobalSection(SolutionProperties) = preSolution
		HideSolutionNode = FALSE
	EndGlobalSection
	GlobalSection(ExtensibilityGlobals) = postSolution
		SolutionGuid = {3A87C10D-233B-4AF4-9963-A6D2A8E264C1}
	EndGlobalSection
EndGlobal
